
Microsoft Visual Studio Solution File, Format Version 12.00
# Visual Studio Version 17
VisualStudioVersion = 17.8.34322.80
MinimumVisualStudioVersion = 10.0.40219.1
Project("{9A19103F-16F7-4668-BE54-9A1E7A4F7556}") = "CinemaCat.Api", "CinemaCat.Api\CinemaCat.Api.csproj", "{7A44C7D5-640D-4762-9B3D-34BDF160C22F}"
EndProject
Project("{2150E333-8FDC-42A3-9474-1A3956D46DE8}") = "Solution Items", "Solution Items", "{F92489FD-4E63-4AF6-9A3A-9DAC4B642EA9}"
	ProjectSection(SolutionItems) = preProject
		.gitignore = .gitignore
		docker-compose.yaml = docker-compose.yaml
		README.md = README.md
	EndProjectSection
EndProject
Project("{9A19103F-16F7-4668-BE54-9A1E7A4F7556}") = "CinemaCat.Application", "CinemaCat.Application\CinemaCat.Application.csproj", "{DB0A377D-5DC9-4FC0-AFC9-1F074CA9E47F}"
EndProject
Project("{9A19103F-16F7-4668-BE54-9A1E7A4F7556}") = "CinemaCat.Infrastructure", "CinemaCat.Infrastructure\CinemaCat.Infrastructure.csproj", "{FC605AAC-BDFF-4A80-8581-BCB770039058}"
EndProject
Global
	GlobalSection(SolutionConfigurationPlatforms) = preSolution
		Debug|Any CPU = Debug|Any CPU
		Release|Any CPU = Release|Any CPU
	EndGlobalSection
	GlobalSection(ProjectConfigurationPlatforms) = postSolution
		{7A44C7D5-640D-4762-9B3D-34BDF160C22F}.Debug|Any CPU.ActiveCfg = Debug|Any CPU
		{7A44C7D5-640D-4762-9B3D-34BDF160C22F}.Debug|Any CPU.Build.0 = Debug|Any CPU
		{7A44C7D5-640D-4762-9B3D-34BDF160C22F}.Release|Any CPU.ActiveCfg = Release|Any CPU
		{7A44C7D5-640D-4762-9B3D-34BDF160C22F}.Release|Any CPU.Build.0 = Release|Any CPU
		{DB0A377D-5DC9-4FC0-AFC9-1F074CA9E47F}.Debug|Any CPU.ActiveCfg = Debug|Any CPU
		{DB0A377D-5DC9-4FC0-AFC9-1F074CA9E47F}.Debug|Any CPU.Build.0 = Debug|Any CPU
		{DB0A377D-5DC9-4FC0-AFC9-1F074CA9E47F}.Release|Any CPU.ActiveCfg = Release|Any CPU
		{DB0A377D-5DC9-4FC0-AFC9-1F074CA9E47F}.Release|Any CPU.Build.0 = Release|Any CPU
		{FC605AAC-BDFF-4A80-8581-BCB770039058}.Debug|Any CPU.ActiveCfg = Debug|Any CPU
		{FC605AAC-BDFF-4A80-8581-BCB770039058}.Debug|Any CPU.Build.0 = Debug|Any CPU
		{FC605AAC-BDFF-4A80-8581-BCB770039058}.Release|Any CPU.ActiveCfg = Release|Any CPU
		{FC605AAC-BDFF-4A80-8581-BCB770039058}.Release|Any CPU.Build.0 = Release|Any CPU
	EndGlobalSection
	GlobalSection(SolutionProperties) = preSolution
		HideSolutionNode = FALSE
	EndGlobalSection
	GlobalSection(ExtensibilityGlobals) = postSolution
		SolutionGuid = {4A49F6A3-FC1B-4CD0-AA31-121BFCD7E755}
	EndGlobalSection
EndGlobal
